
Microsoft Visual Studio Solution File, Format Version 12.00
# Visual Studio Version 17
VisualStudioVersion = 17.0.31903.59
MinimumVisualStudioVersion = 10.0.40219.1
Project("{FAE04EC0-301F-11D3-BF4B-00C04F79EFBC}") = "API", "API\API.csproj", "{B3772343-0DF7-458E-8F6C-869CFD2ED42B}"
EndProject
Project("{FAE04EC0-301F-11D3-BF4B-00C04F79EFBC}") = "Application", "Application\Application.csproj", "{08DCB5EE-DCC2-4363-A9A4-7DB04F0D3292}"
EndProject
Project("{FAE04EC0-301F-11D3-BF4B-00C04F79EFBC}") = "Domain", "Domain\Domain.csproj", "{950990BF-A99F-4A20-BF0C-7E6A98860FC1}"
EndProject
Project("{FAE04EC0-301F-11D3-BF4B-00C04F79EFBC}") = "Persistence", "Persistence\Persistence.csproj", "{9B4A812E-E50B-4830-A6CB-608CC7F488E7}"
EndProject
Global
	GlobalSection(SolutionConfigurationPlatforms) = preSolution
		Debug|Any CPU = Debug|Any CPU
		Debug|x64 = Debug|x64
		Debug|x86 = Debug|x86
		Release|Any CPU = Release|Any CPU
		Release|x64 = Release|x64
		Release|x86 = Release|x86
	EndGlobalSection
	GlobalSection(ProjectConfigurationPlatforms) = postSolution
		{B3772343-0DF7-458E-8F6C-869CFD2ED42B}.Debug|Any CPU.ActiveCfg = Debug|Any CPU
		{B3772343-0DF7-458E-8F6C-869CFD2ED42B}.Debug|Any CPU.Build.0 = Debug|Any CPU
		{B3772343-0DF7-458E-8F6C-869CFD2ED42B}.Debug|x64.ActiveCfg = Debug|Any CPU
		{B3772343-0DF7-458E-8F6C-869CFD2ED42B}.Debug|x64.Build.0 = Debug|Any CPU
		{B3772343-0DF7-458E-8F6C-869CFD2ED42B}.Debug|x86.ActiveCfg = Debug|Any CPU
		{B3772343-0DF7-458E-8F6C-869CFD2ED42B}.Debug|x86.Build.0 = Debug|Any CPU
		{B3772343-0DF7-458E-8F6C-869CFD2ED42B}.Release|Any CPU.ActiveCfg = Release|Any CPU
		{B3772343-0DF7-458E-8F6C-869CFD2ED42B}.Release|Any CPU.Build.0 = Release|Any CPU
		{B3772343-0DF7-458E-8F6C-869CFD2ED42B}.Release|x64.ActiveCfg = Release|Any CPU
		{B3772343-0DF7-458E-8F6C-869CFD2ED42B}.Release|x64.Build.0 = Release|Any CPU
		{B3772343-0DF7-458E-8F6C-869CFD2ED42B}.Release|x86.ActiveCfg = Release|Any CPU
		{B3772343-0DF7-458E-8F6C-869CFD2ED42B}.Release|x86.Build.0 = Release|Any CPU
		{08DCB5EE-DCC2-4363-A9A4-7DB04F0D3292}.Debug|Any CPU.ActiveCfg = Debug|Any CPU
		{08DCB5EE-DCC2-4363-A9A4-7DB04F0D3292}.Debug|Any CPU.Build.0 = Debug|Any CPU
		{08DCB5EE-DCC2-4363-A9A4-7DB04F0D3292}.Debug|x64.ActiveCfg = Debug|Any CPU
		{08DCB5EE-DCC2-4363-A9A4-7DB04F0D3292}.Debug|x64.Build.0 = Debug|Any CPU
		{08DCB5EE-DCC2-4363-A9A4-7DB04F0D3292}.Debug|x86.ActiveCfg = Debug|Any CPU
		{08DCB5EE-DCC2-4363-A9A4-7DB04F0D3292}.Debug|x86.Build.0 = Debug|Any CPU
		{08DCB5EE-DCC2-4363-A9A4-7DB04F0D3292}.Release|Any CPU.ActiveCfg = Release|Any CPU
		{08DCB5EE-DCC2-4363-A9A4-7DB04F0D3292}.Release|Any CPU.Build.0 = Release|Any CPU
		{08DCB5EE-DCC2-4363-A9A4-7DB04F0D3292}.Release|x64.ActiveCfg = Release|Any CPU
		{08DCB5EE-DCC2-4363-A9A4-7DB04F0D3292}.Release|x64.Build.0 = Release|Any CPU
		{08DCB5EE-DCC2-4363-A9A4-7DB04F0D3292}.Release|x86.ActiveCfg = Release|Any CPU
		{08DCB5EE-DCC2-4363-A9A4-7DB04F0D3292}.Release|x86.Build.0 = Release|Any CPU
		{950990BF-A99F-4A20-BF0C-7E6A98860FC1}.Debug|Any CPU.ActiveCfg = Debug|Any CPU
		{950990BF-A99F-4A20-BF0C-7E6A98860FC1}.Debug|Any CPU.Build.0 = Debug|Any CPU
		{950990BF-A99F-4A20-BF0C-7E6A98860FC1}.Debug|x64.ActiveCfg = Debug|Any CPU
		{950990BF-A99F-4A20-BF0C-7E6A98860FC1}.Debug|x64.Build.0 = Debug|Any CPU
		{950990BF-A99F-4A20-BF0C-7E6A98860FC1}.Debug|x86.ActiveCfg = Debug|Any CPU
		{950990BF-A99F-4A20-BF0C-7E6A98860FC1}.Debug|x86.Build.0 = Debug|Any CPU
		{950990BF-A99F-4A20-BF0C-7E6A98860FC1}.Release|Any CPU.ActiveCfg = Release|Any CPU
		{950990BF-A99F-4A20-BF0C-7E6A98860FC1}.Release|Any CPU.Build.0 = Release|Any CPU
		{950990BF-A99F-4A20-BF0C-7E6A98860FC1}.Release|x64.ActiveCfg = Release|Any CPU
		{950990BF-A99F-4A20-BF0C-7E6A98860FC1}.Release|x64.Build.0 = Release|Any CPU
		{950990BF-A99F-4A20-BF0C-7E6A98860FC1}.Release|x86.ActiveCfg = Release|Any CPU
		{950990BF-A99F-4A20-BF0C-7E6A98860FC1}.Release|x86.Build.0 = Release|Any CPU
		{9B4A812E-E50B-4830-A6CB-608CC7F488E7}.Debug|Any CPU.ActiveCfg = Debug|Any CPU
		{9B4A812E-E50B-4830-A6CB-608CC7F488E7}.Debug|Any CPU.Build.0 = Debug|Any CPU
		{9B4A812E-E50B-4830-A6CB-608CC7F488E7}.Debug|x64.ActiveCfg = Debug|Any CPU
		{9B4A812E-E50B-4830-A6CB-608CC7F488E7}.Debug|x64.Build.0 = Debug|Any CPU
		{9B4A812E-E50B-4830-A6CB-608CC7F488E7}.Debug|x86.ActiveCfg = Debug|Any CPU
		{9B4A812E-E50B-4830-A6CB-608CC7F488E7}.Debug|x86.Build.0 = Debug|Any CPU
		{9B4A812E-E50B-4830-A6CB-608CC7F488E7}.Release|Any CPU.ActiveCfg = Release|Any CPU
		{9B4A812E-E50B-4830-A6CB-608CC7F488E7}.Release|Any CPU.Build.0 = Release|Any CPU
		{9B4A812E-E50B-4830-A6CB-608CC7F488E7}.Release|x64.ActiveCfg = Release|Any CPU
		{9B4A812E-E50B-4830-A6CB-608CC7F488E7}.Release|x64.Build.0 = Release|Any CPU
		{9B4A812E-E50B-4830-A6CB-608CC7F488E7}.Release|x86.ActiveCfg = Release|Any CPU
		{9B4A812E-E50B-4830-A6CB-608CC7F488E7}.Release|x86.Build.0 = Release|Any CPU
	EndGlobalSection
	GlobalSection(SolutionProperties) = preSolution
		HideSolutionNode = FALSE
	EndGlobalSection
EndGlobal
